
Microsoft Visual Studio Solution File, Format Version 12.00
# Visual Studio Version 17
VisualStudioVersion = 17.10.34928.147
MinimumVisualStudioVersion = 10.0.40219.1
Project("{FAE04EC0-301F-11D3-BF4B-00C04F79EFBC}") = "CSharp_BaiTapTinhToan", "CSharp_BaiTapTinhToan.csproj", "{14923F1E-DD77-4920-917E-0D1954323813}"
EndProject
Global
	GlobalSection(SolutionConfigurationPlatforms) = preSolution
		Debug|Any CPU = Debug|Any CPU
		Release|Any CPU = Release|Any CPU
	EndGlobalSection
	GlobalSection(ProjectConfigurationPlatforms) = postSolution
		{14923F1E-DD77-4920-917E-0D1954323813}.Debug|Any CPU.ActiveCfg = Debug|Any CPU
		{14923F1E-DD77-4920-917E-0D1954323813}.Debug|Any CPU.Build.0 = Debug|Any CPU
		{14923F1E-DD77-4920-917E-0D1954323813}.Release|Any CPU.ActiveCfg = Release|Any CPU
		{14923F1E-DD77-4920-917E-0D1954323813}.Release|Any CPU.Build.0 = Release|Any CPU
	EndGlobalSection
	GlobalSection(SolutionProperties) = preSolution
		HideSolutionNode = FALSE
	EndGlobalSection
	GlobalSection(ExtensibilityGlobals) = postSolution
		SolutionGuid = {09D44ADB-2892-44CC-99EC-410AEBC63486}
	EndGlobalSection
EndGlobal
